
Microsoft Visual Studio Solution File, Format Version 12.00
# Visual Studio Version 17
VisualStudioVersion = 17.8.34511.84
MinimumVisualStudioVersion = 10.0.40219.1
Project("{2150E333-8FDC-42A3-9474-1A3956D46DE8}") = "Solution Items", "Solution Items", "{5D0F0913-226A-4EC9-9531-729C9F2EFDEF}"
	ProjectSection(SolutionItems) = preProject
		global.json = global.json
		README.md = README.md
		C:\Users\Admin\Downloads\Tedu-Microservices-Solution_Architect.jpg = C:\Users\Admin\Downloads\Tedu-Microservices-Solution_Architect.jpg
	EndProjectSection
EndProject
Project("{2150E333-8FDC-42A3-9474-1A3956D46DE8}") = "src", "src", "{4374BA31-0DF0-47A4-80C8-3ED795522D9D}"
EndProject
Project("{2150E333-8FDC-42A3-9474-1A3956D46DE8}") = "tests", "tests", "{F3A86A18-DCA7-45A5-975B-3739155D696B}"
EndProject
Project("{2150E333-8FDC-42A3-9474-1A3956D46DE8}") = "ApiGateways", "ApiGateways", "{DD142A1B-834D-40CA-AD2C-DB8934447733}"
EndProject
Project("{2150E333-8FDC-42A3-9474-1A3956D46DE8}") = "BuildingBlocks", "BuildingBlocks", "{4CEE6948-CA04-4B3A-923B-C5986FD653B8}"
EndProject
Project("{2150E333-8FDC-42A3-9474-1A3956D46DE8}") = "Services", "Services", "{068A4E5D-35D5-495B-9C20-180B549196E7}"
EndProject
Project("{2150E333-8FDC-42A3-9474-1A3956D46DE8}") = "WebApps", "WebApps", "{0E6B96D4-F0E2-46B3-B669-84B334E8241E}"
EndProject
Project("{FAE04EC0-301F-11D3-BF4B-00C04F79EFBC}") = "Common.Logging", "src\BuildingBlocks\Common.Logging\Common.Logging.csproj", "{03562C3F-0D95-40D2-86DB-B7A81A378B1F}"
EndProject
Project("{FAE04EC0-301F-11D3-BF4B-00C04F79EFBC}") = "EventBus.Messages", "src\BuildingBlocks\EventBus.Messages\EventBus.Messages.csproj", "{10087DD3-22B6-4318-A7BD-E3E8E60950C0}"
EndProject
Project("{2150E333-8FDC-42A3-9474-1A3956D46DE8}") = "Product", "Product", "{E5538370-2BE9-4BDB-B426-56C69EA7720F}"
EndProject
Project("{2150E333-8FDC-42A3-9474-1A3956D46DE8}") = "Basket", "Basket", "{079C18C7-D13C-4EAB-B025-C42C311048BF}"
EndProject
Project("{2150E333-8FDC-42A3-9474-1A3956D46DE8}") = "Customer", "Customer", "{E7E7F04F-E4C3-469E-93AB-3BEAE5CE1759}"
EndProject
Project("{2150E333-8FDC-42A3-9474-1A3956D46DE8}") = "Inventory", "Inventory", "{0F4911FB-3306-4BA6-807B-ADF8B9120CD1}"
EndProject
Project("{2150E333-8FDC-42A3-9474-1A3956D46DE8}") = "Ordering", "Ordering", "{D066F8F8-22D6-4D7C-A562-81FD0AC7489C}"
EndProject
Project("{2150E333-8FDC-42A3-9474-1A3956D46DE8}") = "ScheduledJob", "ScheduledJob", "{AD7F6AFD-6EB1-42B1-A27C-3D5A6BE57B63}"
EndProject
Project("{FAE04EC0-301F-11D3-BF4B-00C04F79EFBC}") = "WebHealthStatus", "src\WebApps\WebHealthStatus\WebHealthStatus.csproj", "{9F4C3010-1680-4EEA-840E-F6D1D86D6B02}"
EndProject
Project("{FAE04EC0-301F-11D3-BF4B-00C04F79EFBC}") = "Basket.API", "src\Services\Basket.API\Basket.API.csproj", "{9BD4E49C-F4AC-4682-B4FB-95792C5F1397}"
EndProject
Project("{FAE04EC0-301F-11D3-BF4B-00C04F79EFBC}") = "Customer.API", "src\Services\Customer.API\Customer.API.csproj", "{E74EC2FD-7A02-4182-86FA-2EDFEFB58849}"
EndProject
Project("{FAE04EC0-301F-11D3-BF4B-00C04F79EFBC}") = "Inventory.Product.API", "src\Services\Inventory.Product.API\Inventory.Product.API.csproj", "{2694C8CE-B9AC-4CEC-B56C-3CED70C8993E}"
EndProject
Project("{FAE04EC0-301F-11D3-BF4B-00C04F79EFBC}") = "Ordering.API", "src\Services\Ordering.API\Ordering.API.csproj", "{9395447C-8A24-4D6D-A55E-AFEE154AAAC4}"
EndProject
Project("{FAE04EC0-301F-11D3-BF4B-00C04F79EFBC}") = "Product.API", "src\Services\Product.API\Product.API.csproj", "{A81F2FA7-6A9E-44E8-A4F1-F1DD221C5E74}"
EndProject
Project("{FAE04EC0-301F-11D3-BF4B-00C04F79EFBC}") = "Hangfire.API", "src\Services\Hangfire.API\Hangfire.API.csproj", "{78B76FC7-26CD-44D1-88FA-4763FB70330C}"
EndProject
Project("{FAE04EC0-301F-11D3-BF4B-00C04F79EFBC}") = "Contracts", "src\BuildingBlocks\Contracts\Contracts.csproj", "{C4334EE0-8592-4CD1-8156-F0AD0C2E390F}"
EndProject
Project("{FAE04EC0-301F-11D3-BF4B-00C04F79EFBC}") = "Infrastructure", "src\BuildingBlocks\Infrastructure\Infrastructure.csproj", "{024ACEF3-2209-47A5-B95A-CCECF4CA8437}"
EndProject
Project("{FAE04EC0-301F-11D3-BF4B-00C04F79EFBC}") = "Shared", "src\BuildingBlocks\Shared\Shared.csproj", "{95B5A0BC-6083-419C-BC39-A901D85E0916}"
EndProject
Project("{FAE04EC0-301F-11D3-BF4B-00C04F79EFBC}") = "OcelotApiGw", "src\ApiGateways\OcelotApiGw\OcelotApiGw.csproj", "{BFB8DAB4-7EA5-497B-ADC9-9D6FBF3B5856}"
EndProject
Global
	GlobalSection(SolutionConfigurationPlatforms) = preSolution
		Debug|Any CPU = Debug|Any CPU
		Release|Any CPU = Release|Any CPU
	EndGlobalSection
	GlobalSection(ProjectConfigurationPlatforms) = postSolution
		{03562C3F-0D95-40D2-86DB-B7A81A378B1F}.Debug|Any CPU.ActiveCfg = Debug|Any CPU
		{03562C3F-0D95-40D2-86DB-B7A81A378B1F}.Debug|Any CPU.Build.0 = Debug|Any CPU
		{03562C3F-0D95-40D2-86DB-B7A81A378B1F}.Release|Any CPU.ActiveCfg = Release|Any CPU
		{03562C3F-0D95-40D2-86DB-B7A81A378B1F}.Release|Any CPU.Build.0 = Release|Any CPU
		{10087DD3-22B6-4318-A7BD-E3E8E60950C0}.Debug|Any CPU.ActiveCfg = Debug|Any CPU
		{10087DD3-22B6-4318-A7BD-E3E8E60950C0}.Debug|Any CPU.Build.0 = Debug|Any CPU
		{10087DD3-22B6-4318-A7BD-E3E8E60950C0}.Release|Any CPU.ActiveCfg = Release|Any CPU
		{10087DD3-22B6-4318-A7BD-E3E8E60950C0}.Release|Any CPU.Build.0 = Release|Any CPU
		{9F4C3010-1680-4EEA-840E-F6D1D86D6B02}.Debug|Any CPU.ActiveCfg = Debug|Any CPU
		{9F4C3010-1680-4EEA-840E-F6D1D86D6B02}.Debug|Any CPU.Build.0 = Debug|Any CPU
		{9F4C3010-1680-4EEA-840E-F6D1D86D6B02}.Release|Any CPU.ActiveCfg = Release|Any CPU
		{9F4C3010-1680-4EEA-840E-F6D1D86D6B02}.Release|Any CPU.Build.0 = Release|Any CPU
		{9BD4E49C-F4AC-4682-B4FB-95792C5F1397}.Debug|Any CPU.ActiveCfg = Debug|Any CPU
		{9BD4E49C-F4AC-4682-B4FB-95792C5F1397}.Debug|Any CPU.Build.0 = Debug|Any CPU
		{9BD4E49C-F4AC-4682-B4FB-95792C5F1397}.Release|Any CPU.ActiveCfg = Release|Any CPU
		{9BD4E49C-F4AC-4682-B4FB-95792C5F1397}.Release|Any CPU.Build.0 = Release|Any CPU
		{E74EC2FD-7A02-4182-86FA-2EDFEFB58849}.Debug|Any CPU.ActiveCfg = Debug|Any CPU
		{E74EC2FD-7A02-4182-86FA-2EDFEFB58849}.Debug|Any CPU.Build.0 = Debug|Any CPU
		{E74EC2FD-7A02-4182-86FA-2EDFEFB58849}.Release|Any CPU.ActiveCfg = Release|Any CPU
		{E74EC2FD-7A02-4182-86FA-2EDFEFB58849}.Release|Any CPU.Build.0 = Release|Any CPU
		{2694C8CE-B9AC-4CEC-B56C-3CED70C8993E}.Debug|Any CPU.ActiveCfg = Debug|Any CPU
		{2694C8CE-B9AC-4CEC-B56C-3CED70C8993E}.Debug|Any CPU.Build.0 = Debug|Any CPU
		{2694C8CE-B9AC-4CEC-B56C-3CED70C8993E}.Release|Any CPU.ActiveCfg = Release|Any CPU
		{2694C8CE-B9AC-4CEC-B56C-3CED70C8993E}.Release|Any CPU.Build.0 = Release|Any CPU
		{9395447C-8A24-4D6D-A55E-AFEE154AAAC4}.Debug|Any CPU.ActiveCfg = Debug|Any CPU
		{9395447C-8A24-4D6D-A55E-AFEE154AAAC4}.Debug|Any CPU.Build.0 = Debug|Any CPU
		{9395447C-8A24-4D6D-A55E-AFEE154AAAC4}.Release|Any CPU.ActiveCfg = Release|Any CPU
		{9395447C-8A24-4D6D-A55E-AFEE154AAAC4}.Release|Any CPU.Build.0 = Release|Any CPU
		{A81F2FA7-6A9E-44E8-A4F1-F1DD221C5E74}.Debug|Any CPU.ActiveCfg = Debug|Any CPU
		{A81F2FA7-6A9E-44E8-A4F1-F1DD221C5E74}.Debug|Any CPU.Build.0 = Debug|Any CPU
		{A81F2FA7-6A9E-44E8-A4F1-F1DD221C5E74}.Release|Any CPU.ActiveCfg = Release|Any CPU
		{A81F2FA7-6A9E-44E8-A4F1-F1DD221C5E74}.Release|Any CPU.Build.0 = Release|Any CPU
		{78B76FC7-26CD-44D1-88FA-4763FB70330C}.Debug|Any CPU.ActiveCfg = Debug|Any CPU
		{78B76FC7-26CD-44D1-88FA-4763FB70330C}.Debug|Any CPU.Build.0 = Debug|Any CPU
		{78B76FC7-26CD-44D1-88FA-4763FB70330C}.Release|Any CPU.ActiveCfg = Release|Any CPU
		{78B76FC7-26CD-44D1-88FA-4763FB70330C}.Release|Any CPU.Build.0 = Release|Any CPU
		{C4334EE0-8592-4CD1-8156-F0AD0C2E390F}.Debug|Any CPU.ActiveCfg = Debug|Any CPU
		{C4334EE0-8592-4CD1-8156-F0AD0C2E390F}.Debug|Any CPU.Build.0 = Debug|Any CPU
		{C4334EE0-8592-4CD1-8156-F0AD0C2E390F}.Release|Any CPU.ActiveCfg = Release|Any CPU
		{C4334EE0-8592-4CD1-8156-F0AD0C2E390F}.Release|Any CPU.Build.0 = Release|Any CPU
		{024ACEF3-2209-47A5-B95A-CCECF4CA8437}.Debug|Any CPU.ActiveCfg = Debug|Any CPU
		{024ACEF3-2209-47A5-B95A-CCECF4CA8437}.Debug|Any CPU.Build.0 = Debug|Any CPU
		{024ACEF3-2209-47A5-B95A-CCECF4CA8437}.Release|Any CPU.ActiveCfg = Release|Any CPU
		{024ACEF3-2209-47A5-B95A-CCECF4CA8437}.Release|Any CPU.Build.0 = Release|Any CPU
		{95B5A0BC-6083-419C-BC39-A901D85E0916}.Debug|Any CPU.ActiveCfg = Debug|Any CPU
		{95B5A0BC-6083-419C-BC39-A901D85E0916}.Debug|Any CPU.Build.0 = Debug|Any CPU
		{95B5A0BC-6083-419C-BC39-A901D85E0916}.Release|Any CPU.ActiveCfg = Release|Any CPU
		{95B5A0BC-6083-419C-BC39-A901D85E0916}.Release|Any CPU.Build.0 = Release|Any CPU
		{BFB8DAB4-7EA5-497B-ADC9-9D6FBF3B5856}.Debug|Any CPU.ActiveCfg = Debug|Any CPU
		{BFB8DAB4-7EA5-497B-ADC9-9D6FBF3B5856}.Debug|Any CPU.Build.0 = Debug|Any CPU
		{BFB8DAB4-7EA5-497B-ADC9-9D6FBF3B5856}.Release|Any CPU.ActiveCfg = Release|Any CPU
		{BFB8DAB4-7EA5-497B-ADC9-9D6FBF3B5856}.Release|Any CPU.Build.0 = Release|Any CPU
	EndGlobalSection
	GlobalSection(SolutionProperties) = preSolution
		HideSolutionNode = FALSE
	EndGlobalSection
	GlobalSection(NestedProjects) = preSolution
		{DD142A1B-834D-40CA-AD2C-DB8934447733} = {4374BA31-0DF0-47A4-80C8-3ED795522D9D}
		{4CEE6948-CA04-4B3A-923B-C5986FD653B8} = {4374BA31-0DF0-47A4-80C8-3ED795522D9D}
		{068A4E5D-35D5-495B-9C20-180B549196E7} = {4374BA31-0DF0-47A4-80C8-3ED795522D9D}
		{0E6B96D4-F0E2-46B3-B669-84B334E8241E} = {4374BA31-0DF0-47A4-80C8-3ED795522D9D}
		{03562C3F-0D95-40D2-86DB-B7A81A378B1F} = {4CEE6948-CA04-4B3A-923B-C5986FD653B8}
		{10087DD3-22B6-4318-A7BD-E3E8E60950C0} = {4CEE6948-CA04-4B3A-923B-C5986FD653B8}
		{E5538370-2BE9-4BDB-B426-56C69EA7720F} = {068A4E5D-35D5-495B-9C20-180B549196E7}
		{079C18C7-D13C-4EAB-B025-C42C311048BF} = {068A4E5D-35D5-495B-9C20-180B549196E7}
		{E7E7F04F-E4C3-469E-93AB-3BEAE5CE1759} = {068A4E5D-35D5-495B-9C20-180B549196E7}
		{0F4911FB-3306-4BA6-807B-ADF8B9120CD1} = {068A4E5D-35D5-495B-9C20-180B549196E7}
		{D066F8F8-22D6-4D7C-A562-81FD0AC7489C} = {068A4E5D-35D5-495B-9C20-180B549196E7}
		{AD7F6AFD-6EB1-42B1-A27C-3D5A6BE57B63} = {068A4E5D-35D5-495B-9C20-180B549196E7}
		{9F4C3010-1680-4EEA-840E-F6D1D86D6B02} = {0E6B96D4-F0E2-46B3-B669-84B334E8241E}
		{9BD4E49C-F4AC-4682-B4FB-95792C5F1397} = {079C18C7-D13C-4EAB-B025-C42C311048BF}
		{E74EC2FD-7A02-4182-86FA-2EDFEFB58849} = {E7E7F04F-E4C3-469E-93AB-3BEAE5CE1759}
		{2694C8CE-B9AC-4CEC-B56C-3CED70C8993E} = {0F4911FB-3306-4BA6-807B-ADF8B9120CD1}
		{9395447C-8A24-4D6D-A55E-AFEE154AAAC4} = {D066F8F8-22D6-4D7C-A562-81FD0AC7489C}
		{A81F2FA7-6A9E-44E8-A4F1-F1DD221C5E74} = {E5538370-2BE9-4BDB-B426-56C69EA7720F}
		{78B76FC7-26CD-44D1-88FA-4763FB70330C} = {AD7F6AFD-6EB1-42B1-A27C-3D5A6BE57B63}
		{C4334EE0-8592-4CD1-8156-F0AD0C2E390F} = {4CEE6948-CA04-4B3A-923B-C5986FD653B8}
		{024ACEF3-2209-47A5-B95A-CCECF4CA8437} = {4CEE6948-CA04-4B3A-923B-C5986FD653B8}
		{95B5A0BC-6083-419C-BC39-A901D85E0916} = {4CEE6948-CA04-4B3A-923B-C5986FD653B8}
		{BFB8DAB4-7EA5-497B-ADC9-9D6FBF3B5856} = {DD142A1B-834D-40CA-AD2C-DB8934447733}
	EndGlobalSection
	GlobalSection(ExtensibilityGlobals) = postSolution
		SolutionGuid = {78369F60-3542-41F8-8F9E-5FB03ED4B41B}
	EndGlobalSection
EndGlobal
